
Microsoft Visual Studio Solution File, Format Version 12.00
#
Project("{FAE04EC0-301F-11D3-BF4B-00C04F79EFBC}") = "PrintMe.Server", "PrintMe.Server\PrintMe.Server.csproj", "{CBA0C3B5-2F21-4523-BD14-96B846D5C787}"
EndProject
Project("{FAE04EC0-301F-11D3-BF4B-00C04F79EFBC}") = "printme.client", "printme.client\printme.client.csproj", "{24A8EDC2-468C-4A43-956E-203D83D09156}"
EndProject
Global
	GlobalSection(SolutionConfigurationPlatforms) = preSolution
		Debug|Any CPU = Debug|Any CPU
		Release|Any CPU = Release|Any CPU
	EndGlobalSection
	GlobalSection(ProjectConfigurationPlatforms) = postSolution
		{CBA0C3B5-2F21-4523-BD14-96B846D5C787}.Debug|Any CPU.ActiveCfg = Debug|Any CPU
		{CBA0C3B5-2F21-4523-BD14-96B846D5C787}.Debug|Any CPU.Build.0 = Debug|Any CPU
		{CBA0C3B5-2F21-4523-BD14-96B846D5C787}.Release|Any CPU.ActiveCfg = Release|Any CPU
		{CBA0C3B5-2F21-4523-BD14-96B846D5C787}.Release|Any CPU.Build.0 = Release|Any CPU
		{93A76262-0CA7-4759-8954-4E4DEDF0135D}.Debug|Any CPU.ActiveCfg = Debug|Any CPU
		{93A76262-0CA7-4759-8954-4E4DEDF0135D}.Debug|Any CPU.Build.0 = Debug|Any CPU
		{93A76262-0CA7-4759-8954-4E4DEDF0135D}.Release|Any CPU.ActiveCfg = Release|Any CPU
		{93A76262-0CA7-4759-8954-4E4DEDF0135D}.Release|Any CPU.Build.0 = Release|Any CPU
		{24A8EDC2-468C-4A43-956E-203D83D09156}.Debug|Any CPU.ActiveCfg = Debug|Any CPU
		{24A8EDC2-468C-4A43-956E-203D83D09156}.Debug|Any CPU.Build.0 = Debug|Any CPU
		{24A8EDC2-468C-4A43-956E-203D83D09156}.Release|Any CPU.ActiveCfg = Release|Any CPU
		{24A8EDC2-468C-4A43-956E-203D83D09156}.Release|Any CPU.Build.0 = Release|Any CPU
	EndGlobalSection
EndGlobal
